// !$*UTF8*$!
{
	archiveVersion = 1;
	classes = {
	};
	objectVersion = 51;
	objects = {

/* Begin PBXBuildFile section */
		1526428B25E4FE74007A9AC3 /* AppDelegate.swift in Sources */ = {isa = PBXBuildFile; fileRef = 1526428A25E4FE74007A9AC3 /* AppDelegate.swift */; };
		1526428D25E4FE74007A9AC3 /* SceneDelegate.swift in Sources */ = {isa = PBXBuildFile; fileRef = 1526428C25E4FE74007A9AC3 /* SceneDelegate.swift */; };
		1526429225E4FE74007A9AC3 /* Main.storyboard in Resources */ = {isa = PBXBuildFile; fileRef = 1526429025E4FE74007A9AC3 /* Main.storyboard */; };
		1526429425E4FE76007A9AC3 /* Assets.xcassets in Resources */ = {isa = PBXBuildFile; fileRef = 1526429325E4FE76007A9AC3 /* Assets.xcassets */; };
		152642BE25E50087007A9AC3 /* Movie.swift in Sources */ = {isa = PBXBuildFile; fileRef = 152642BC25E50087007A9AC3 /* Movie.swift */; };
		158C016C25E5715A004BB4F5 /* Stanberry.ttf in Resources */ = {isa = PBXBuildFile; fileRef = 158C016B25E5715A004BB4F5 /* Stanberry.ttf */; };
		158C016F25E57167004BB4F5 /* Gamoda.ttf in Resources */ = {isa = PBXBuildFile; fileRef = 158C016E25E57167004BB4F5 /* Gamoda.ttf */; };
		158C017225E57171004BB4F5 /* Pineapple Grass.ttf in Resources */ = {isa = PBXBuildFile; fileRef = 158C017125E57171004BB4F5 /* Pineapple Grass.ttf */; };
		15BD2F7325E5069800524E3F /* PopularRow.swift in Sources */ = {isa = PBXBuildFile; fileRef = 15BD2F7225E5069800524E3F /* PopularRow.swift */; };
		15BD2F7925E506EA00524E3F /* CustomMovieCollectionCell.swift in Sources */ = {isa = PBXBuildFile; fileRef = 15BD2F7825E506EA00524E3F /* CustomMovieCollectionCell.swift */; };
		15BD2F7D25E5072700524E3F /* MovieListController.swift in Sources */ = {isa = PBXBuildFile; fileRef = 15BD2F7C25E5072700524E3F /* MovieListController.swift */; };
		15BD2F8025E5074B00524E3F /* MovieDetail.swift in Sources */ = {isa = PBXBuildFile; fileRef = 15BD2F7F25E5074B00524E3F /* MovieDetail.swift */; };
		15BD2F8325E5076800524E3F /* TopRatedRow.swift in Sources */ = {isa = PBXBuildFile; fileRef = 15BD2F8225E5076800524E3F /* TopRatedRow.swift */; };
		15BD2F8625E5078300524E3F /* RevenueRow.swift in Sources */ = {isa = PBXBuildFile; fileRef = 15BD2F8525E5078300524E3F /* RevenueRow.swift */; };
		15BD2F8925E5079600524E3F /* ReleaseDateRow.swift in Sources */ = {isa = PBXBuildFile; fileRef = 15BD2F8825E5079600524E3F /* ReleaseDateRow.swift */; };
		6EF6ABDBFA8F23D78626B225 /* Pods_Cinemagic_iPad.framework in Frameworks */ = {isa = PBXBuildFile; fileRef = F70EB5FC7AC4EEC85434271D /* Pods_Cinemagic_iPad.framework */; };
/* End PBXBuildFile section */

/* Begin PBXFileReference section */
		1526428725E4FE74007A9AC3 /* Cinemagic-iPad.app */ = {isa = PBXFileReference; explicitFileType = wrapper.application; includeInIndex = 0; path = "Cinemagic-iPad.app"; sourceTree = BUILT_PRODUCTS_DIR; };
		1526428A25E4FE74007A9AC3 /* AppDelegate.swift */ = {isa = PBXFileReference; lastKnownFileType = sourcecode.swift; path = AppDelegate.swift; sourceTree = "<group>"; };
		1526428C25E4FE74007A9AC3 /* SceneDelegate.swift */ = {isa = PBXFileReference; lastKnownFileType = sourcecode.swift; path = SceneDelegate.swift; sourceTree = "<group>"; };
		1526429125E4FE74007A9AC3 /* Base */ = {isa = PBXFileReference; lastKnownFileType = file.storyboard; name = Base; path = Base.lproj/Main.storyboard; sourceTree = "<group>"; };
		1526429325E4FE76007A9AC3 /* Assets.xcassets */ = {isa = PBXFileReference; lastKnownFileType = folder.assetcatalog; path = Assets.xcassets; sourceTree = "<group>"; };
		1526429825E4FE76007A9AC3 /* Info.plist */ = {isa = PBXFileReference; lastKnownFileType = text.plist.xml; path = Info.plist; sourceTree = "<group>"; };
		152642BC25E50087007A9AC3 /* Movie.swift */ = {isa = PBXFileReference; fileEncoding = 4; lastKnownFileType = sourcecode.swift; name = Movie.swift; path = "../../../Cinemagic kopyası/Cinemagic/Structs/Movie.swift"; sourceTree = "<group>"; };
		158C016B25E5715A004BB4F5 /* Stanberry.ttf */ = {isa = PBXFileReference; lastKnownFileType = file; name = Stanberry.ttf; path = ../../../../../Downloads/Stanberry.ttf; sourceTree = "<group>"; };
		158C016E25E57167004BB4F5 /* Gamoda.ttf */ = {isa = PBXFileReference; lastKnownFileType = file; name = Gamoda.ttf; path = ../../../../../Downloads/gamoda/Gamoda.ttf; sourceTree = "<group>"; };
		158C017125E57171004BB4F5 /* Pineapple Grass.ttf */ = {isa = PBXFileReference; lastKnownFileType = file; name = "Pineapple Grass.ttf"; path = "../../../../../Downloads/pineapple_grass/Pineapple Grass.ttf"; sourceTree = "<group>"; };
		15BD2F7225E5069800524E3F /* PopularRow.swift */ = {isa = PBXFileReference; lastKnownFileType = sourcecode.swift; path = PopularRow.swift; sourceTree = "<group>"; };
		15BD2F7825E506EA00524E3F /* CustomMovieCollectionCell.swift */ = {isa = PBXFileReference; lastKnownFileType = sourcecode.swift; path = CustomMovieCollectionCell.swift; sourceTree = "<group>"; };
		15BD2F7C25E5072700524E3F /* MovieListController.swift */ = {isa = PBXFileReference; lastKnownFileType = sourcecode.swift; path = MovieListController.swift; sourceTree = "<group>"; };
		15BD2F7F25E5074B00524E3F /* MovieDetail.swift */ = {isa = PBXFileReference; lastKnownFileType = sourcecode.swift; path = MovieDetail.swift; sourceTree = "<group>"; };
		15BD2F8225E5076800524E3F /* TopRatedRow.swift */ = {isa = PBXFileReference; lastKnownFileType = sourcecode.swift; path = TopRatedRow.swift; sourceTree = "<group>"; };
		15BD2F8525E5078300524E3F /* RevenueRow.swift */ = {isa = PBXFileReference; lastKnownFileType = sourcecode.swift; path = RevenueRow.swift; sourceTree = "<group>"; };
		15BD2F8825E5079600524E3F /* ReleaseDateRow.swift */ = {isa = PBXFileReference; lastKnownFileType = sourcecode.swift; path = ReleaseDateRow.swift; sourceTree = "<group>"; };
		3C3B33EE4690033101734E40 /* Pods-Cinemagic-iPad.debug.xcconfig */ = {isa = PBXFileReference; includeInIndex = 1; lastKnownFileType = text.xcconfig; name = "Pods-Cinemagic-iPad.debug.xcconfig"; path = "Target Support Files/Pods-Cinemagic-iPad/Pods-Cinemagic-iPad.debug.xcconfig"; sourceTree = "<group>"; };
		3FEB4929165E9CCAE825E456 /* Pods-Cinemagic-iPad.release.xcconfig */ = {isa = PBXFileReference; includeInIndex = 1; lastKnownFileType = text.xcconfig; name = "Pods-Cinemagic-iPad.release.xcconfig"; path = "Target Support Files/Pods-Cinemagic-iPad/Pods-Cinemagic-iPad.release.xcconfig"; sourceTree = "<group>"; };
		F70EB5FC7AC4EEC85434271D /* Pods_Cinemagic_iPad.framework */ = {isa = PBXFileReference; explicitFileType = wrapper.framework; includeInIndex = 0; path = Pods_Cinemagic_iPad.framework; sourceTree = BUILT_PRODUCTS_DIR; };
/* End PBXFileReference section */

/* Begin PBXFrameworksBuildPhase section */
		1526428425E4FE74007A9AC3 /* Frameworks */ = {
			isa = PBXFrameworksBuildPhase;
			buildActionMask = 2147483647;
			files = (
				6EF6ABDBFA8F23D78626B225 /* Pods_Cinemagic_iPad.framework in Frameworks */,
			);
			runOnlyForDeploymentPostprocessing = 0;
		};
/* End PBXFrameworksBuildPhase section */

/* Begin PBXGroup section */
		1526427E25E4FE74007A9AC3 = {
			isa = PBXGroup;
			children = (
				1526428925E4FE74007A9AC3 /* Cinemagic-iPad */,
				1526428825E4FE74007A9AC3 /* Products */,
				731593ADE6E6FF232D96A9B5 /* Pods */,
				C93E73BE891B5270B485F83F /* Frameworks */,
			);
			sourceTree = "<group>";
		};
		1526428825E4FE74007A9AC3 /* Products */ = {
			isa = PBXGroup;
			children = (
				1526428725E4FE74007A9AC3 /* Cinemagic-iPad.app */,
			);
			name = Products;
			sourceTree = "<group>";
		};
		1526428925E4FE74007A9AC3 /* Cinemagic-iPad */ = {
			isa = PBXGroup;
			children = (
				158C016A25E57144004BB4F5 /* Fonts */,
				15BD2F7725E506C100524E3F /* MovieSide */,
				15BD2F7125E5067600524E3F /* CategoryRows */,
				152642BB25E5007A007A9AC3 /* Structs */,
				1526428A25E4FE74007A9AC3 /* AppDelegate.swift */,
				1526428C25E4FE74007A9AC3 /* SceneDelegate.swift */,
				1526429025E4FE74007A9AC3 /* Main.storyboard */,
				1526429325E4FE76007A9AC3 /* Assets.xcassets */,
				1526429825E4FE76007A9AC3 /* Info.plist */,
			);
			path = "Cinemagic-iPad";
			sourceTree = "<group>";
		};
		152642BB25E5007A007A9AC3 /* Structs */ = {
			isa = PBXGroup;
			children = (
				152642BC25E50087007A9AC3 /* Movie.swift */,
			);
			path = Structs;
			sourceTree = "<group>";
		};
		158C016A25E57144004BB4F5 /* Fonts */ = {
			isa = PBXGroup;
			children = (
				158C017125E57171004BB4F5 /* Pineapple Grass.ttf */,
				158C016B25E5715A004BB4F5 /* Stanberry.ttf */,
				158C016E25E57167004BB4F5 /* Gamoda.ttf */,
			);
			path = Fonts;
			sourceTree = "<group>";
		};
		15BD2F7125E5067600524E3F /* CategoryRows */ = {
			isa = PBXGroup;
			children = (
				15BD2F7225E5069800524E3F /* PopularRow.swift */,
				15BD2F8225E5076800524E3F /* TopRatedRow.swift */,
				15BD2F8525E5078300524E3F /* RevenueRow.swift */,
				15BD2F8825E5079600524E3F /* ReleaseDateRow.swift */,
			);
			path = CategoryRows;
			sourceTree = "<group>";
		};
		15BD2F7725E506C100524E3F /* MovieSide */ = {
			isa = PBXGroup;
			children = (
				15BD2F7825E506EA00524E3F /* CustomMovieCollectionCell.swift */,
				15BD2F7C25E5072700524E3F /* MovieListController.swift */,
				15BD2F7F25E5074B00524E3F /* MovieDetail.swift */,
			);
			name = MovieSide;
			sourceTree = "<group>";
		};
		731593ADE6E6FF232D96A9B5 /* Pods */ = {
			isa = PBXGroup;
			children = (
				3C3B33EE4690033101734E40 /* Pods-Cinemagic-iPad.debug.xcconfig */,
				3FEB4929165E9CCAE825E456 /* Pods-Cinemagic-iPad.release.xcconfig */,
			);
			path = Pods;
			sourceTree = "<group>";
		};
		C93E73BE891B5270B485F83F /* Frameworks */ = {
			isa = PBXGroup;
			children = (
				F70EB5FC7AC4EEC85434271D /* Pods_Cinemagic_iPad.framework */,
			);
			name = Frameworks;
			sourceTree = "<group>";
		};
/* End PBXGroup section */

/* Begin PBXNativeTarget section */
		1526428625E4FE74007A9AC3 /* Cinemagic-iPad */ = {
			isa = PBXNativeTarget;
			buildConfigurationList = 1526429B25E4FE76007A9AC3 /* Build configuration list for PBXNativeTarget "Cinemagic-iPad" */;
			buildPhases = (
				B09207D07E90670417B31F78 /* [CP] Check Pods Manifest.lock */,
				1526428325E4FE74007A9AC3 /* Sources */,
				1526428425E4FE74007A9AC3 /* Frameworks */,
				1526428525E4FE74007A9AC3 /* Resources */,
				D09834D6969AC556E3206565 /* [CP] Embed Pods Frameworks */,
			);
			buildRules = (
			);
			dependencies = (
			);
			name = "Cinemagic-iPad";
			productName = "Cinemagic-iPad";
			productReference = 1526428725E4FE74007A9AC3 /* Cinemagic-iPad.app */;
			productType = "com.apple.product-type.application";
		};
/* End PBXNativeTarget section */

/* Begin PBXProject section */
		1526427F25E4FE74007A9AC3 /* Project object */ = {
			isa = PBXProject;
			attributes = {
				LastSwiftUpdateCheck = 1230;
				LastUpgradeCheck = 1230;
				TargetAttributes = {
					1526428625E4FE74007A9AC3 = {
						CreatedOnToolsVersion = 12.3;
					};
				};
			};
			buildConfigurationList = 1526428225E4FE74007A9AC3 /* Build configuration list for PBXProject "Cinemagic-iPad" */;
			compatibilityVersion = "Xcode 9.3";
			developmentRegion = en;
			hasScannedForEncodings = 0;
			knownRegions = (
				en,
				Base,
			);
			mainGroup = 1526427E25E4FE74007A9AC3;
			productRefGroup = 1526428825E4FE74007A9AC3 /* Products */;
			projectDirPath = "";
			projectRoot = "";
			targets = (
				1526428625E4FE74007A9AC3 /* Cinemagic-iPad */,
			);
		};
/* End PBXProject section */

/* Begin PBXResourcesBuildPhase section */
		1526428525E4FE74007A9AC3 /* Resources */ = {
			isa = PBXResourcesBuildPhase;
			buildActionMask = 2147483647;
			files = (
				1526429425E4FE76007A9AC3 /* Assets.xcassets in Resources */,
				158C017225E57171004BB4F5 /* Pineapple Grass.ttf in Resources */,
				158C016C25E5715A004BB4F5 /* Stanberry.ttf in Resources */,
				1526429225E4FE74007A9AC3 /* Main.storyboard in Resources */,
				158C016F25E57167004BB4F5 /* Gamoda.ttf in Resources */,
			);
			runOnlyForDeploymentPostprocessing = 0;
		};
/* End PBXResourcesBuildPhase section */

/* Begin PBXShellScriptBuildPhase section */
		B09207D07E90670417B31F78 /* [CP] Check Pods Manifest.lock */ = {
			isa = PBXShellScriptBuildPhase;
			buildActionMask = 2147483647;
			files = (
			);
			inputFileListPaths = (
			);
			inputPaths = (
				"${PODS_PODFILE_DIR_PATH}/Podfile.lock",
				"${PODS_ROOT}/Manifest.lock",
			);
			name = "[CP] Check Pods Manifest.lock";
			outputFileListPaths = (
			);
			outputPaths = (
				"$(DERIVED_FILE_DIR)/Pods-Cinemagic-iPad-checkManifestLockResult.txt",
			);
			runOnlyForDeploymentPostprocessing = 0;
			shellPath = /bin/sh;
			shellScript = "diff \"${PODS_PODFILE_DIR_PATH}/Podfile.lock\" \"${PODS_ROOT}/Manifest.lock\" > /dev/null\nif [ $? != 0 ] ; then\n    # print error to STDERR\n    echo \"error: The sandbox is not in sync with the Podfile.lock. Run 'pod install' or update your CocoaPods installation.\" >&2\n    exit 1\nfi\n# This output is used by Xcode 'outputs' to avoid re-running this script phase.\necho \"SUCCESS\" > \"${SCRIPT_OUTPUT_FILE_0}\"\n";
			showEnvVarsInLog = 0;
		};
		D09834D6969AC556E3206565 /* [CP] Embed Pods Frameworks */ = {
			isa = PBXShellScriptBuildPhase;
			buildActionMask = 2147483647;
			files = (
			);
			inputFileListPaths = (
				"${PODS_ROOT}/Target Support Files/Pods-Cinemagic-iPad/Pods-Cinemagic-iPad-frameworks-${CONFIGURATION}-input-files.xcfilelist",
			);
			name = "[CP] Embed Pods Frameworks";
			outputFileListPaths = (
				"${PODS_ROOT}/Target Support Files/Pods-Cinemagic-iPad/Pods-Cinemagic-iPad-frameworks-${CONFIGURATION}-output-files.xcfilelist",
			);
			runOnlyForDeploymentPostprocessing = 0;
			shellPath = /bin/sh;
			shellScript = "\"${PODS_ROOT}/Target Support Files/Pods-Cinemagic-iPad/Pods-Cinemagic-iPad-frameworks.sh\"\n";
			showEnvVarsInLog = 0;
		};
/* End PBXShellScriptBuildPhase section */

/* Begin PBXSourcesBuildPhase section */
		1526428325E4FE74007A9AC3 /* Sources */ = {
			isa = PBXSourcesBuildPhase;
			buildActionMask = 2147483647;
			files = (
				152642BE25E50087007A9AC3 /* Movie.swift in Sources */,
				15BD2F8325E5076800524E3F /* TopRatedRow.swift in Sources */,
				1526428B25E4FE74007A9AC3 /* AppDelegate.swift in Sources */,
				15BD2F8625E5078300524E3F /* RevenueRow.swift in Sources */,
				15BD2F7325E5069800524E3F /* PopularRow.swift in Sources */,
				15BD2F7925E506EA00524E3F /* CustomMovieCollectionCell.swift in Sources */,
				1526428D25E4FE74007A9AC3 /* SceneDelegate.swift in Sources */,
				15BD2F7D25E5072700524E3F /* MovieListController.swift in Sources */,
				15BD2F8025E5074B00524E3F /* MovieDetail.swift in Sources */,
				15BD2F8925E5079600524E3F /* ReleaseDateRow.swift in Sources */,
			);
			runOnlyForDeploymentPostprocessing = 0;
		};
/* End PBXSourcesBuildPhase section */

/* Begin PBXVariantGroup section */
		1526429025E4FE74007A9AC3 /* Main.storyboard */ = {
			isa = PBXVariantGroup;
			children = (
				1526429125E4FE74007A9AC3 /* Base */,
			);
			name = Main.storyboard;
			sourceTree = "<group>";
		};
/* End PBXVariantGroup section */

/* Begin XCBuildConfiguration section */
		1526429925E4FE76007A9AC3 /* Debug */ = {
			isa = XCBuildConfiguration;
			buildSettings = {
				ALWAYS_SEARCH_USER_PATHS = NO;
				CLANG_ANALYZER_NONNULL = YES;
				CLANG_ANALYZER_NUMBER_OBJECT_CONVERSION = YES_AGGRESSIVE;
				CLANG_CXX_LANGUAGE_STANDARD = "gnu++14";
				CLANG_CXX_LIBRARY = "libc++";
				CLANG_ENABLE_MODULES = YES;
				CLANG_ENABLE_OBJC_ARC = YES;
				CLANG_ENABLE_OBJC_WEAK = YES;
				CLANG_WARN_BLOCK_CAPTURE_AUTORELEASING = YES;
				CLANG_WARN_BOOL_CONVERSION = YES;
				CLANG_WARN_COMMA = YES;
				CLANG_WARN_CONSTANT_CONVERSION = YES;
				CLANG_WARN_DEPRECATED_OBJC_IMPLEMENTATIONS = YES;
				CLANG_WARN_DIRECT_OBJC_ISA_USAGE = YES_ERROR;
				CLANG_WARN_DOCUMENTATION_COMMENTS = YES;
				CLANG_WARN_EMPTY_BODY = YES;
				CLANG_WARN_ENUM_CONVERSION = YES;
				CLANG_WARN_INFINITE_RECURSION = YES;
				CLANG_WARN_INT_CONVERSION = YES;
				CLANG_WARN_NON_LITERAL_NULL_CONVERSION = YES;
				CLANG_WARN_OBJC_IMPLICIT_RETAIN_SELF = YES;
				CLANG_WARN_OBJC_LITERAL_CONVERSION = YES;
				CLANG_WARN_OBJC_ROOT_CLASS = YES_ERROR;
				CLANG_WARN_QUOTED_INCLUDE_IN_FRAMEWORK_HEADER = YES;
				CLANG_WARN_RANGE_LOOP_ANALYSIS = YES;
				CLANG_WARN_STRICT_PROTOTYPES = YES;
				CLANG_WARN_SUSPICIOUS_MOVE = YES;
				CLANG_WARN_UNGUARDED_AVAILABILITY = YES_AGGRESSIVE;
				CLANG_WARN_UNREACHABLE_CODE = YES;
				CLANG_WARN__DUPLICATE_METHOD_MATCH = YES;
				COPY_PHASE_STRIP = NO;
				DEBUG_INFORMATION_FORMAT = dwarf;
				ENABLE_STRICT_OBJC_MSGSEND = YES;
				ENABLE_TESTABILITY = YES;
				GCC_C_LANGUAGE_STANDARD = gnu11;
				GCC_DYNAMIC_NO_PIC = NO;
				GCC_NO_COMMON_BLOCKS = YES;
				GCC_OPTIMIZATION_LEVEL = 0;
				GCC_PREPROCESSOR_DEFINITIONS = (
					"DEBUG=1",
					"$(inherited)",
				);
				GCC_WARN_64_TO_32_BIT_CONVERSION = YES;
				GCC_WARN_ABOUT_RETURN_TYPE = YES_ERROR;
				GCC_WARN_UNDECLARED_SELECTOR = YES;
				GCC_WARN_UNINITIALIZED_AUTOS = YES_AGGRESSIVE;
				GCC_WARN_UNUSED_FUNCTION = YES;
				GCC_WARN_UNUSED_VARIABLE = YES;
				IPHONEOS_DEPLOYMENT_TARGET = 14.3;
				MTL_ENABLE_DEBUG_INFO = INCLUDE_SOURCE;
				MTL_FAST_MATH = YES;
				ONLY_ACTIVE_ARCH = YES;
				SDKROOT = iphoneos;
				SWIFT_ACTIVE_COMPILATION_CONDITIONS = DEBUG;
				SWIFT_OPTIMIZATION_LEVEL = "-Onone";
			};
			name = Debug;
		};
		1526429A25E4FE76007A9AC3 /* Release */ = {
			isa = XCBuildConfiguration;
			buildSettings = {
				ALWAYS_SEARCH_USER_PATHS = NO;
				CLANG_ANALYZER_NONNULL = YES;
				CLANG_ANALYZER_NUMBER_OBJECT_CONVERSION = YES_AGGRESSIVE;
				CLANG_CXX_LANGUAGE_STANDARD = "gnu++14";
				CLANG_CXX_LIBRARY = "libc++";
				CLANG_ENABLE_MODULES = YES;
				CLANG_ENABLE_OBJC_ARC = YES;
				CLANG_ENABLE_OBJC_WEAK = YES;
				CLANG_WARN_BLOCK_CAPTURE_AUTORELEASING = YES;
				CLANG_WARN_BOOL_CONVERSION = YES;
				CLANG_WARN_COMMA = YES;
				CLANG_WARN_CONSTANT_CONVERSION = YES;
				CLANG_WARN_DEPRECATED_OBJC_IMPLEMENTATIONS = YES;
				CLANG_WARN_DIRECT_OBJC_ISA_USAGE = YES_ERROR;
				CLANG_WARN_DOCUMENTATION_COMMENTS = YES;
				CLANG_WARN_EMPTY_BODY = YES;
				CLANG_WARN_ENUM_CONVERSION = YES;
				CLANG_WARN_INFINITE_RECURSION = YES;
				CLANG_WARN_INT_CONVERSION = YES;
				CLANG_WARN_NON_LITERAL_NULL_CONVERSION = YES;
				CLANG_WARN_OBJC_IMPLICIT_RETAIN_SELF = YES;
				CLANG_WARN_OBJC_LITERAL_CONVERSION = YES;
				CLANG_WARN_OBJC_ROOT_CLASS = YES_ERROR;
				CLANG_WARN_QUOTED_INCLUDE_IN_FRAMEWORK_HEADER = YES;
				CLANG_WARN_RANGE_LOOP_ANALYSIS = YES;
				CLANG_WARN_STRICT_PROTOTYPES = YES;
				CLANG_WARN_SUSPICIOUS_MOVE = YES;
				CLANG_WARN_UNGUARDED_AVAILABILITY = YES_AGGRESSIVE;
				CLANG_WARN_UNREACHABLE_CODE = YES;
				CLANG_WARN__DUPLICATE_METHOD_MATCH = YES;
				COPY_PHASE_STRIP = NO;
				DEBUG_INFORMATION_FORMAT = "dwarf-with-dsym";
				ENABLE_NS_ASSERTIONS = NO;
				ENABLE_STRICT_OBJC_MSGSEND = YES;
				GCC_C_LANGUAGE_STANDARD = gnu11;
				GCC_NO_COMMON_BLOCKS = YES;
				GCC_WARN_64_TO_32_BIT_CONVERSION = YES;
				GCC_WARN_ABOUT_RETURN_TYPE = YES_ERROR;
				GCC_WARN_UNDECLARED_SELECTOR = YES;
				GCC_WARN_UNINITIALIZED_AUTOS = YES_AGGRESSIVE;
				GCC_WARN_UNUSED_FUNCTION = YES;
				GCC_WARN_UNUSED_VARIABLE = YES;
				IPHONEOS_DEPLOYMENT_TARGET = 14.3;
				MTL_ENABLE_DEBUG_INFO = NO;
				MTL_FAST_MATH = YES;
				SDKROOT = iphoneos;
				SWIFT_COMPILATION_MODE = wholemodule;
				SWIFT_OPTIMIZATION_LEVEL = "-O";
				VALIDATE_PRODUCT = YES;
			};
			name = Release;
		};
		1526429C25E4FE76007A9AC3 /* Debug */ = {
			isa = XCBuildConfiguration;
			baseConfigurationReference = 3C3B33EE4690033101734E40 /* Pods-Cinemagic-iPad.debug.xcconfig */;
			buildSettings = {
				ASSETCATALOG_COMPILER_APPICON_NAME = AppIcon;
				ASSETCATALOG_COMPILER_GLOBAL_ACCENT_COLOR_NAME = AccentColor;
				CODE_SIGN_STYLE = Automatic;
				DEVELOPMENT_TEAM = 69MGXU3A6Z;
				INFOPLIST_FILE = "Cinemagic-iPad/Info.plist";
				LD_RUNPATH_SEARCH_PATHS = (
					"$(inherited)",
					"@executable_path/Frameworks",
				);
				PRODUCT_BUNDLE_IDENTIFIER = "com.works.Cinemagic-iPad";
				PRODUCT_NAME = "$(TARGET_NAME)";
				SWIFT_VERSION = 5.0;
				TARGETED_DEVICE_FAMILY = "1,2";
			};
			name = Debug;
		};
		1526429D25E4FE76007A9AC3 /* Release */ = {
			isa = XCBuildConfiguration;
			baseConfigurationReference = 3FEB4929165E9CCAE825E456 /* Pods-Cinemagic-iPad.release.xcconfig */;
			buildSettings = {
				ASSETCATALOG_COMPILER_APPICON_NAME = AppIcon;
				ASSETCATALOG_COMPILER_GLOBAL_ACCENT_COLOR_NAME = AccentColor;
				CODE_SIGN_STYLE = Automatic;
				DEVELOPMENT_TEAM = 69MGXU3A6Z;
				INFOPLIST_FILE = "Cinemagic-iPad/Info.plist";
				LD_RUNPATH_SEARCH_PATHS = (
					"$(inherited)",
					"@executable_path/Frameworks",
				);
				PRODUCT_BUNDLE_IDENTIFIER = "com.works.Cinemagic-iPad";
				PRODUCT_NAME = "$(TARGET_NAME)";
				SWIFT_VERSION = 5.0;
				TARGETED_DEVICE_FAMILY = "1,2";
			};
			name = Release;
		};
/* End XCBuildConfiguration section */

/* Begin XCConfigurationList section */
		1526428225E4FE74007A9AC3 /* Build configuration list for PBXProject "Cinemagic-iPad" */ = {
			isa = XCConfigurationList;
			buildConfigurations = (
				1526429925E4FE76007A9AC3 /* Debug */,
				1526429A25E4FE76007A9AC3 /* Release */,
			);
			defaultConfigurationIsVisible = 0;
			defaultConfigurationName = Release;
		};
		1526429B25E4FE76007A9AC3 /* Build configuration list for PBXNativeTarget "Cinemagic-iPad" */ = {
			isa = XCConfigurationList;
			buildConfigurations = (
				1526429C25E4FE76007A9AC3 /* Debug */,
				1526429D25E4FE76007A9AC3 /* Release */,
			);
			defaultConfigurationIsVisible = 0;
			defaultConfigurationName = Release;
		};
/* End XCConfigurationList section */
	};
	rootObject = 1526427F25E4FE74007A9AC3 /* Project object */;
}
